
Microsoft Visual Studio Solution File, Format Version 12.00
# Visual Studio 15
VisualStudioVersion = 15.0.28010.2003
MinimumVisualStudioVersion = 10.0.40219.1
Project("{FAE04EC0-301F-11D3-BF4B-00C04F79EFBC}") = "Recursion", "Recursion\Recursion.csproj", "{0DF4FB9A-065A-4C95-B85A-F60AB838972C}"
EndProject
Project("{FAE04EC0-301F-11D3-BF4B-00C04F79EFBC}") = "BinaryTree", "BinaryTree\BinaryTree.csproj", "{356A161B-08D5-42C8-A934-480A8BA4DADC}"
EndProject
Global
	GlobalSection(SolutionConfigurationPlatforms) = preSolution
		Debug|Any CPU = Debug|Any CPU
		Release|Any CPU = Release|Any CPU
	EndGlobalSection
	GlobalSection(ProjectConfigurationPlatforms) = postSolution
		{0DF4FB9A-065A-4C95-B85A-F60AB838972C}.Debug|Any CPU.ActiveCfg = Debug|Any CPU
		{0DF4FB9A-065A-4C95-B85A-F60AB838972C}.Debug|Any CPU.Build.0 = Debug|Any CPU
		{0DF4FB9A-065A-4C95-B85A-F60AB838972C}.Release|Any CPU.ActiveCfg = Release|Any CPU
		{0DF4FB9A-065A-4C95-B85A-F60AB838972C}.Release|Any CPU.Build.0 = Release|Any CPU
		{356A161B-08D5-42C8-A934-480A8BA4DADC}.Debug|Any CPU.ActiveCfg = Debug|Any CPU
		{356A161B-08D5-42C8-A934-480A8BA4DADC}.Debug|Any CPU.Build.0 = Debug|Any CPU
		{356A161B-08D5-42C8-A934-480A8BA4DADC}.Release|Any CPU.ActiveCfg = Release|Any CPU
		{356A161B-08D5-42C8-A934-480A8BA4DADC}.Release|Any CPU.Build.0 = Release|Any CPU
	EndGlobalSection
	GlobalSection(SolutionProperties) = preSolution
		HideSolutionNode = FALSE
	EndGlobalSection
	GlobalSection(ExtensibilityGlobals) = postSolution
		SolutionGuid = {D1086BFB-43D0-45D1-B43A-F046E5D43634}
	EndGlobalSection
EndGlobal
